// !$*UTF8*$!
{
	archiveVersion = 1;
	classes = {
	};
	objectVersion = 55;
	objects = {

/* Begin PBXBuildFile section */
		AFBB141028595E9000AAE194 /* AppDelegate.m in Sources */ = {isa = PBXBuildFile; fileRef = AFBB140F28595E9000AAE194 /* AppDelegate.m */; };
		AFBB141328595E9000AAE194 /* SceneDelegate.m in Sources */ = {isa = PBXBuildFile; fileRef = AFBB141228595E9000AAE194 /* SceneDelegate.m */; };
		AFBB141928595E9000AAE194 /* Main.storyboard in Resources */ = {isa = PBXBuildFile; fileRef = AFBB141728595E9000AAE194 /* Main.storyboard */; };
		AFBB141B28595E9100AAE194 /* Assets.xcassets in Resources */ = {isa = PBXBuildFile; fileRef = AFBB141A28595E9100AAE194 /* Assets.xcassets */; };
		AFBB141E28595E9100AAE194 /* LaunchScreen.storyboard in Resources */ = {isa = PBXBuildFile; fileRef = AFBB141C28595E9100AAE194 /* LaunchScreen.storyboard */; };
		AFBB142128595E9100AAE194 /* main.m in Sources */ = {isa = PBXBuildFile; fileRef = AFBB142028595E9100AAE194 /* main.m */; };
		AFBB142B28595E9100AAE194 /* TipsterTests.m in Sources */ = {isa = PBXBuildFile; fileRef = AFBB142A28595E9100AAE194 /* TipsterTests.m */; };
		AFBB143528595E9100AAE194 /* TipsterUITests.m in Sources */ = {isa = PBXBuildFile; fileRef = AFBB143428595E9100AAE194 /* TipsterUITests.m */; };
		AFBB143728595E9100AAE194 /* TipsterUITestsLaunchTests.m in Sources */ = {isa = PBXBuildFile; fileRef = AFBB143628595E9100AAE194 /* TipsterUITestsLaunchTests.m */; };
		AFBB1445285965E200AAE194 /* TipViewController.m in Sources */ = {isa = PBXBuildFile; fileRef = AFBB1444285965E200AAE194 /* TipViewController.m */; };
/* End PBXBuildFile section */

/* Begin PBXContainerItemProxy section */
		AFBB142728595E9100AAE194 /* PBXContainerItemProxy */ = {
			isa = PBXContainerItemProxy;
			containerPortal = AFBB140328595E9000AAE194 /* Project object */;
			proxyType = 1;
			remoteGlobalIDString = AFBB140A28595E9000AAE194;
			remoteInfo = Tipster;
		};
		AFBB143128595E9100AAE194 /* PBXContainerItemProxy */ = {
			isa = PBXContainerItemProxy;
			containerPortal = AFBB140328595E9000AAE194 /* Project object */;
			proxyType = 1;
			remoteGlobalIDString = AFBB140A28595E9000AAE194;
			remoteInfo = Tipster;
		};
/* End PBXContainerItemProxy section */

/* Begin PBXFileReference section */
		AFBB140B28595E9000AAE194 /* Tipster.app */ = {isa = PBXFileReference; explicitFileType = wrapper.application; includeInIndex = 0; path = Tipster.app; sourceTree = BUILT_PRODUCTS_DIR; };
		AFBB140E28595E9000AAE194 /* AppDelegate.h */ = {isa = PBXFileReference; lastKnownFileType = sourcecode.c.h; path = AppDelegate.h; sourceTree = "<group>"; };
		AFBB140F28595E9000AAE194 /* AppDelegate.m */ = {isa = PBXFileReference; lastKnownFileType = sourcecode.c.objc; path = AppDelegate.m; sourceTree = "<group>"; };
		AFBB141128595E9000AAE194 /* SceneDelegate.h */ = {isa = PBXFileReference; lastKnownFileType = sourcecode.c.h; path = SceneDelegate.h; sourceTree = "<group>"; };
		AFBB141228595E9000AAE194 /* SceneDelegate.m */ = {isa = PBXFileReference; lastKnownFileType = sourcecode.c.objc; path = SceneDelegate.m; sourceTree = "<group>"; };
		AFBB141828595E9000AAE194 /* Base */ = {isa = PBXFileReference; lastKnownFileType = file.storyboard; name = Base; path = Base.lproj/Main.storyboard; sourceTree = "<group>"; };
		AFBB141A28595E9100AAE194 /* Assets.xcassets */ = {isa = PBXFileReference; lastKnownFileType = folder.assetcatalog; path = Assets.xcassets; sourceTree = "<group>"; };
		AFBB141D28595E9100AAE194 /* Base */ = {isa = PBXFileReference; lastKnownFileType = file.storyboard; name = Base; path = Base.lproj/LaunchScreen.storyboard; sourceTree = "<group>"; };
		AFBB141F28595E9100AAE194 /* Info.plist */ = {isa = PBXFileReference; lastKnownFileType = text.plist.xml; path = Info.plist; sourceTree = "<group>"; };
		AFBB142028595E9100AAE194 /* main.m */ = {isa = PBXFileReference; lastKnownFileType = sourcecode.c.objc; path = main.m; sourceTree = "<group>"; };
		AFBB142628595E9100AAE194 /* TipsterTests.xctest */ = {isa = PBXFileReference; explicitFileType = wrapper.cfbundle; includeInIndex = 0; path = TipsterTests.xctest; sourceTree = BUILT_PRODUCTS_DIR; };
		AFBB142A28595E9100AAE194 /* TipsterTests.m */ = {isa = PBXFileReference; lastKnownFileType = sourcecode.c.objc; path = TipsterTests.m; sourceTree = "<group>"; };
		AFBB143028595E9100AAE194 /* TipsterUITests.xctest */ = {isa = PBXFileReference; explicitFileType = wrapper.cfbundle; includeInIndex = 0; path = TipsterUITests.xctest; sourceTree = BUILT_PRODUCTS_DIR; };
		AFBB143428595E9100AAE194 /* TipsterUITests.m */ = {isa = PBXFileReference; lastKnownFileType = sourcecode.c.objc; path = TipsterUITests.m; sourceTree = "<group>"; };
		AFBB143628595E9100AAE194 /* TipsterUITestsLaunchTests.m */ = {isa = PBXFileReference; lastKnownFileType = sourcecode.c.objc; path = TipsterUITestsLaunchTests.m; sourceTree = "<group>"; };
		AFBB1443285965E200AAE194 /* TipViewController.h */ = {isa = PBXFileReference; lastKnownFileType = sourcecode.c.h; path = TipViewController.h; sourceTree = "<group>"; };
		AFBB1444285965E200AAE194 /* TipViewController.m */ = {isa = PBXFileReference; lastKnownFileType = sourcecode.c.objc; path = TipViewController.m; sourceTree = "<group>"; };
/* End PBXFileReference section */

/* Begin PBXFrameworksBuildPhase section */
		AFBB140828595E9000AAE194 /* Frameworks */ = {
			isa = PBXFrameworksBuildPhase;
			buildActionMask = 2147483647;
			files = (
			);
			runOnlyForDeploymentPostprocessing = 0;
		};
		AFBB142328595E9100AAE194 /* Frameworks */ = {
			isa = PBXFrameworksBuildPhase;
			buildActionMask = 2147483647;
			files = (
			);
			runOnlyForDeploymentPostprocessing = 0;
		};
		AFBB142D28595E9100AAE194 /* Frameworks */ = {
			isa = PBXFrameworksBuildPhase;
			buildActionMask = 2147483647;
			files = (
			);
			runOnlyForDeploymentPostprocessing = 0;
		};
/* End PBXFrameworksBuildPhase section */

/* Begin PBXGroup section */
		AFBB140228595E9000AAE194 = {
			isa = PBXGroup;
			children = (
				AFBB140D28595E9000AAE194 /* Tipster */,
				AFBB142928595E9100AAE194 /* TipsterTests */,
				AFBB143328595E9100AAE194 /* TipsterUITests */,
				AFBB140C28595E9000AAE194 /* Products */,
			);
			sourceTree = "<group>";
		};
		AFBB140C28595E9000AAE194 /* Products */ = {
			isa = PBXGroup;
			children = (
				AFBB140B28595E9000AAE194 /* Tipster.app */,
				AFBB142628595E9100AAE194 /* TipsterTests.xctest */,
				AFBB143028595E9100AAE194 /* TipsterUITests.xctest */,
			);
			name = Products;
			sourceTree = "<group>";
		};
		AFBB140D28595E9000AAE194 /* Tipster */ = {
			isa = PBXGroup;
			children = (
				AFBB140E28595E9000AAE194 /* AppDelegate.h */,
				AFBB140F28595E9000AAE194 /* AppDelegate.m */,
				AFBB141128595E9000AAE194 /* SceneDelegate.h */,
				AFBB141228595E9000AAE194 /* SceneDelegate.m */,
				AFBB141728595E9000AAE194 /* Main.storyboard */,
				AFBB1443285965E200AAE194 /* TipViewController.h */,
				AFBB1444285965E200AAE194 /* TipViewController.m */,
				AFBB141A28595E9100AAE194 /* Assets.xcassets */,
				AFBB141C28595E9100AAE194 /* LaunchScreen.storyboard */,
				AFBB141F28595E9100AAE194 /* Info.plist */,
				AFBB142028595E9100AAE194 /* main.m */,
			);
			path = Tipster;
			sourceTree = "<group>";
		};
		AFBB142928595E9100AAE194 /* TipsterTests */ = {
			isa = PBXGroup;
			children = (
				AFBB142A28595E9100AAE194 /* TipsterTests.m */,
			);
			path = TipsterTests;
			sourceTree = "<group>";
		};
		AFBB143328595E9100AAE194 /* TipsterUITests */ = {
			isa = PBXGroup;
			children = (
				AFBB143428595E9100AAE194 /* TipsterUITests.m */,
				AFBB143628595E9100AAE194 /* TipsterUITestsLaunchTests.m */,
			);
			path = TipsterUITests;
			sourceTree = "<group>";
		};
/* End PBXGroup section */

/* Begin PBXNativeTarget section */
		AFBB140A28595E9000AAE194 /* Tipster */ = {
			isa = PBXNativeTarget;
			buildConfigurationList = AFBB143A28595E9100AAE194 /* Build configuration list for PBXNativeTarget "Tipster" */;
			buildPhases = (
				AFBB140728595E9000AAE194 /* Sources */,
				AFBB140828595E9000AAE194 /* Frameworks */,
				AFBB140928595E9000AAE194 /* Resources */,
			);
			buildRules = (
			);
			dependencies = (
			);
			name = Tipster;
			productName = Tipster;
			productReference = AFBB140B28595E9000AAE194 /* Tipster.app */;
			productType = "com.apple.product-type.application";
		};
		AFBB142528595E9100AAE194 /* TipsterTests */ = {
			isa = PBXNativeTarget;
			buildConfigurationList = AFBB143D28595E9100AAE194 /* Build configuration list for PBXNativeTarget "TipsterTests" */;
			buildPhases = (
				AFBB142228595E9100AAE194 /* Sources */,
				AFBB142328595E9100AAE194 /* Frameworks */,
				AFBB142428595E9100AAE194 /* Resources */,
			);
			buildRules = (
			);
			dependencies = (
				AFBB142828595E9100AAE194 /* PBXTargetDependency */,
			);
			name = TipsterTests;
			productName = TipsterTests;
			productReference = AFBB142628595E9100AAE194 /* TipsterTests.xctest */;
			productType = "com.apple.product-type.bundle.unit-test";
		};
		AFBB142F28595E9100AAE194 /* TipsterUITests */ = {
			isa = PBXNativeTarget;
			buildConfigurationList = AFBB144028595E9100AAE194 /* Build configuration list for PBXNativeTarget "TipsterUITests" */;
			buildPhases = (
				AFBB142C28595E9100AAE194 /* Sources */,
				AFBB142D28595E9100AAE194 /* Frameworks */,
				AFBB142E28595E9100AAE194 /* Resources */,
			);
			buildRules = (
			);
			dependencies = (
				AFBB143228595E9100AAE194 /* PBXTargetDependency */,
			);
			name = TipsterUITests;
			productName = TipsterUITests;
			productReference = AFBB143028595E9100AAE194 /* TipsterUITests.xctest */;
			productType = "com.apple.product-type.bundle.ui-testing";
		};
/* End PBXNativeTarget section */

/* Begin PBXProject section */
		AFBB140328595E9000AAE194 /* Project object */ = {
			isa = PBXProject;
			attributes = {
				BuildIndependentTargetsInParallel = 1;
				LastUpgradeCheck = 1340;
				TargetAttributes = {
					AFBB140A28595E9000AAE194 = {
						CreatedOnToolsVersion = 13.4;
					};
					AFBB142528595E9100AAE194 = {
						CreatedOnToolsVersion = 13.4;
						TestTargetID = AFBB140A28595E9000AAE194;
					};
					AFBB142F28595E9100AAE194 = {
						CreatedOnToolsVersion = 13.4;
						TestTargetID = AFBB140A28595E9000AAE194;
					};
				};
			};
			buildConfigurationList = AFBB140628595E9000AAE194 /* Build configuration list for PBXProject "Tipster" */;
			compatibilityVersion = "Xcode 13.0";
			developmentRegion = en;
			hasScannedForEncodings = 0;
			knownRegions = (
				en,
				Base,
			);
			mainGroup = AFBB140228595E9000AAE194;
			productRefGroup = AFBB140C28595E9000AAE194 /* Products */;
			projectDirPath = "";
			projectRoot = "";
			targets = (
				AFBB140A28595E9000AAE194 /* Tipster */,
				AFBB142528595E9100AAE194 /* TipsterTests */,
				AFBB142F28595E9100AAE194 /* TipsterUITests */,
			);
		};
/* End PBXProject section */

/* Begin PBXResourcesBuildPhase section */
		AFBB140928595E9000AAE194 /* Resources */ = {
			isa = PBXResourcesBuildPhase;
			buildActionMask = 2147483647;
			files = (
				AFBB141E28595E9100AAE194 /* LaunchScreen.storyboard in Resources */,
				AFBB141B28595E9100AAE194 /* Assets.xcassets in Resources */,
				AFBB141928595E9000AAE194 /* Main.storyboard in Resources */,
			);
			runOnlyForDeploymentPostprocessing = 0;
		};
		AFBB142428595E9100AAE194 /* Resources */ = {
			isa = PBXResourcesBuildPhase;
			buildActionMask = 2147483647;
			files = (
			);
			runOnlyForDeploymentPostprocessing = 0;
		};
		AFBB142E28595E9100AAE194 /* Resources */ = {
			isa = PBXResourcesBuildPhase;
			buildActionMask = 2147483647;
			files = (
			);
			runOnlyForDeploymentPostprocessing = 0;
		};
/* End PBXResourcesBuildPhase section */

/* Begin PBXSourcesBuildPhase section */
		AFBB140728595E9000AAE194 /* Sources */ = {
			isa = PBXSourcesBuildPhase;
			buildActionMask = 2147483647;
			files = (
				AFBB141028595E9000AAE194 /* AppDelegate.m in Sources */,
				AFBB142128595E9100AAE194 /* main.m in Sources */,
				AFBB1445285965E200AAE194 /* TipViewController.m in Sources */,
				AFBB141328595E9000AAE194 /* SceneDelegate.m in Sources */,
			);
			runOnlyForDeploymentPostprocessing = 0;
		};
		AFBB142228595E9100AAE194 /* Sources */ = {
			isa = PBXSourcesBuildPhase;
			buildActionMask = 2147483647;
			files = (
				AFBB142B28595E9100AAE194 /* TipsterTests.m in Sources */,
			);
			runOnlyForDeploymentPostprocessing = 0;
		};
		AFBB142C28595E9100AAE194 /* Sources */ = {
			isa = PBXSourcesBuildPhase;
			buildActionMask = 2147483647;
			files = (
				AFBB143728595E9100AAE194 /* TipsterUITestsLaunchTests.m in Sources */,
				AFBB143528595E9100AAE194 /* TipsterUITests.m in Sources */,
			);
			runOnlyForDeploymentPostprocessing = 0;
		};
/* End PBXSourcesBuildPhase section */

/* Begin PBXTargetDependency section */
		AFBB142828595E9100AAE194 /* PBXTargetDependency */ = {
			isa = PBXTargetDependency;
			target = AFBB140A28595E9000AAE194 /* Tipster */;
			targetProxy = AFBB142728595E9100AAE194 /* PBXContainerItemProxy */;
		};
		AFBB143228595E9100AAE194 /* PBXTargetDependency */ = {
			isa = PBXTargetDependency;
			target = AFBB140A28595E9000AAE194 /* Tipster */;
			targetProxy = AFBB143128595E9100AAE194 /* PBXContainerItemProxy */;
		};
/* End PBXTargetDependency section */

/* Begin PBXVariantGroup section */
		AFBB141728595E9000AAE194 /* Main.storyboard */ = {
			isa = PBXVariantGroup;
			children = (
				AFBB141828595E9000AAE194 /* Base */,
			);
			name = Main.storyboard;
			sourceTree = "<group>";
		};
		AFBB141C28595E9100AAE194 /* LaunchScreen.storyboard */ = {
			isa = PBXVariantGroup;
			children = (
				AFBB141D28595E9100AAE194 /* Base */,
			);
			name = LaunchScreen.storyboard;
			sourceTree = "<group>";
		};
/* End PBXVariantGroup section */

/* Begin XCBuildConfiguration section */
		AFBB143828595E9100AAE194 /* Debug */ = {
			isa = XCBuildConfiguration;
			buildSettings = {
				ALWAYS_SEARCH_USER_PATHS = NO;
				CLANG_ANALYZER_NONNULL = YES;
				CLANG_ANALYZER_NUMBER_OBJECT_CONVERSION = YES_AGGRESSIVE;
				CLANG_CXX_LANGUAGE_STANDARD = "gnu++17";
				CLANG_ENABLE_MODULES = YES;
				CLANG_ENABLE_OBJC_ARC = YES;
				CLANG_ENABLE_OBJC_WEAK = YES;
				CLANG_WARN_BLOCK_CAPTURE_AUTORELEASING = YES;
				CLANG_WARN_BOOL_CONVERSION = YES;
				CLANG_WARN_COMMA = YES;
				CLANG_WARN_CONSTANT_CONVERSION = YES;
				CLANG_WARN_DEPRECATED_OBJC_IMPLEMENTATIONS = YES;
				CLANG_WARN_DIRECT_OBJC_ISA_USAGE = YES_ERROR;
				CLANG_WARN_DOCUMENTATION_COMMENTS = YES;
				CLANG_WARN_EMPTY_BODY = YES;
				CLANG_WARN_ENUM_CONVERSION = YES;
				CLANG_WARN_INFINITE_RECURSION = YES;
				CLANG_WARN_INT_CONVERSION = YES;
				CLANG_WARN_NON_LITERAL_NULL_CONVERSION = YES;
				CLANG_WARN_OBJC_IMPLICIT_RETAIN_SELF = YES;
				CLANG_WARN_OBJC_LITERAL_CONVERSION = YES;
				CLANG_WARN_OBJC_ROOT_CLASS = YES_ERROR;
				CLANG_WARN_QUOTED_INCLUDE_IN_FRAMEWORK_HEADER = YES;
				CLANG_WARN_RANGE_LOOP_ANALYSIS = YES;
				CLANG_WARN_STRICT_PROTOTYPES = YES;
				CLANG_WARN_SUSPICIOUS_MOVE = YES;
				CLANG_WARN_UNGUARDED_AVAILABILITY = YES_AGGRESSIVE;
				CLANG_WARN_UNREACHABLE_CODE = YES;
				CLANG_WARN__DUPLICATE_METHOD_MATCH = YES;
				COPY_PHASE_STRIP = NO;
				DEBUG_INFORMATION_FORMAT = dwarf;
				ENABLE_STRICT_OBJC_MSGSEND = YES;
				ENABLE_TESTABILITY = YES;
				GCC_C_LANGUAGE_STANDARD = gnu11;
				GCC_DYNAMIC_NO_PIC = NO;
				GCC_NO_COMMON_BLOCKS = YES;
				GCC_OPTIMIZATION_LEVEL = 0;
				GCC_PREPROCESSOR_DEFINITIONS = (
					"DEBUG=1",
					"$(inherited)",
				);
				GCC_WARN_64_TO_32_BIT_CONVERSION = YES;
				GCC_WARN_ABOUT_RETURN_TYPE = YES_ERROR;
				GCC_WARN_UNDECLARED_SELECTOR = YES;
				GCC_WARN_UNINITIALIZED_AUTOS = YES_AGGRESSIVE;
				GCC_WARN_UNUSED_FUNCTION = YES;
				GCC_WARN_UNUSED_VARIABLE = YES;
				IPHONEOS_DEPLOYMENT_TARGET = 15.5;
				MTL_ENABLE_DEBUG_INFO = INCLUDE_SOURCE;
				MTL_FAST_MATH = YES;
				ONLY_ACTIVE_ARCH = YES;
				SDKROOT = iphoneos;
			};
			name = Debug;
		};
		AFBB143928595E9100AAE194 /* Release */ = {
			isa = XCBuildConfiguration;
			buildSettings = {
				ALWAYS_SEARCH_USER_PATHS = NO;
				CLANG_ANALYZER_NONNULL = YES;
				CLANG_ANALYZER_NUMBER_OBJECT_CONVERSION = YES_AGGRESSIVE;
				CLANG_CXX_LANGUAGE_STANDARD = "gnu++17";
				CLANG_ENABLE_MODULES = YES;
				CLANG_ENABLE_OBJC_ARC = YES;
				CLANG_ENABLE_OBJC_WEAK = YES;
				CLANG_WARN_BLOCK_CAPTURE_AUTORELEASING = YES;
				CLANG_WARN_BOOL_CONVERSION = YES;
				CLANG_WARN_COMMA = YES;
				CLANG_WARN_CONSTANT_CONVERSION = YES;
				CLANG_WARN_DEPRECATED_OBJC_IMPLEMENTATIONS = YES;
				CLANG_WARN_DIRECT_OBJC_ISA_USAGE = YES_ERROR;
				CLANG_WARN_DOCUMENTATION_COMMENTS = YES;
				CLANG_WARN_EMPTY_BODY = YES;
				CLANG_WARN_ENUM_CONVERSION = YES;
				CLANG_WARN_INFINITE_RECURSION = YES;
				CLANG_WARN_INT_CONVERSION = YES;
				CLANG_WARN_NON_LITERAL_NULL_CONVERSION = YES;
				CLANG_WARN_OBJC_IMPLICIT_RETAIN_SELF = YES;
				CLANG_WARN_OBJC_LITERAL_CONVERSION = YES;
				CLANG_WARN_OBJC_ROOT_CLASS = YES_ERROR;
				CLANG_WARN_QUOTED_INCLUDE_IN_FRAMEWORK_HEADER = YES;
				CLANG_WARN_RANGE_LOOP_ANALYSIS = YES;
				CLANG_WARN_STRICT_PROTOTYPES = YES;
				CLANG_WARN_SUSPICIOUS_MOVE = YES;
				CLANG_WARN_UNGUARDED_AVAILABILITY = YES_AGGRESSIVE;
				CLANG_WARN_UNREACHABLE_CODE = YES;
				CLANG_WARN__DUPLICATE_METHOD_MATCH = YES;
				COPY_PHASE_STRIP = NO;
				DEBUG_INFORMATION_FORMAT = "dwarf-with-dsym";
				ENABLE_NS_ASSERTIONS = NO;
				ENABLE_STRICT_OBJC_MSGSEND = YES;
				GCC_C_LANGUAGE_STANDARD = gnu11;
				GCC_NO_COMMON_BLOCKS = YES;
				GCC_WARN_64_TO_32_BIT_CONVERSION = YES;
				GCC_WARN_ABOUT_RETURN_TYPE = YES_ERROR;
				GCC_WARN_UNDECLARED_SELECTOR = YES;
				GCC_WARN_UNINITIALIZED_AUTOS = YES_AGGRESSIVE;
				GCC_WARN_UNUSED_FUNCTION = YES;
				GCC_WARN_UNUSED_VARIABLE = YES;
				IPHONEOS_DEPLOYMENT_TARGET = 15.5;
				MTL_ENABLE_DEBUG_INFO = NO;
				MTL_FAST_MATH = YES;
				SDKROOT = iphoneos;
				VALIDATE_PRODUCT = YES;
			};
			name = Release;
		};
		AFBB143B28595E9100AAE194 /* Debug */ = {
			isa = XCBuildConfiguration;
			buildSettings = {
				ASSETCATALOG_COMPILER_APPICON_NAME = AppIcon;
				ASSETCATALOG_COMPILER_GLOBAL_ACCENT_COLOR_NAME = AccentColor;
				CODE_SIGN_STYLE = Automatic;
				CURRENT_PROJECT_VERSION = 1;
				DEVELOPMENT_TEAM = YL99LW4L8S;
				GENERATE_INFOPLIST_FILE = YES;
				INFOPLIST_FILE = Tipster/Info.plist;
				INFOPLIST_KEY_UIApplicationSupportsIndirectInputEvents = YES;
				INFOPLIST_KEY_UILaunchStoryboardName = LaunchScreen;
				INFOPLIST_KEY_UIMainStoryboardFile = Main;
				INFOPLIST_KEY_UISupportedInterfaceOrientations_iPad = "UIInterfaceOrientationPortrait UIInterfaceOrientationPortraitUpsideDown UIInterfaceOrientationLandscapeLeft UIInterfaceOrientationLandscapeRight";
				INFOPLIST_KEY_UISupportedInterfaceOrientations_iPhone = "UIInterfaceOrientationPortrait UIInterfaceOrientationLandscapeLeft UIInterfaceOrientationLandscapeRight";
				LD_RUNPATH_SEARCH_PATHS = (
					"$(inherited)",
					"@executable_path/Frameworks",
				);
				MARKETING_VERSION = 1.0;
				PRODUCT_BUNDLE_IDENTIFIER = com.eyeray.Tipster;
				PRODUCT_NAME = "$(TARGET_NAME)";
				SWIFT_EMIT_LOC_STRINGS = YES;
				TARGETED_DEVICE_FAMILY = "1,2";
			};
			name = Debug;
		};
		AFBB143C28595E9100AAE194 /* Release */ = {
			isa = XCBuildConfiguration;
			buildSettings = {
				ASSETCATALOG_COMPILER_APPICON_NAME = AppIcon;
				ASSETCATALOG_COMPILER_GLOBAL_ACCENT_COLOR_NAME = AccentColor;
				CODE_SIGN_STYLE = Automatic;
				CURRENT_PROJECT_VERSION = 1;
				DEVELOPMENT_TEAM = YL99LW4L8S;
				GENERATE_INFOPLIST_FILE = YES;
				INFOPLIST_FILE = Tipster/Info.plist;
				INFOPLIST_KEY_UIApplicationSupportsIndirectInputEvents = YES;
				INFOPLIST_KEY_UILaunchStoryboardName = LaunchScreen;
				INFOPLIST_KEY_UIMainStoryboardFile = Main;
				INFOPLIST_KEY_UISupportedInterfaceOrientations_iPad = "UIInterfaceOrientationPortrait UIInterfaceOrientationPortraitUpsideDown UIInterfaceOrientationLandscapeLeft UIInterfaceOrientationLandscapeRight";
				INFOPLIST_KEY_UISupportedInterfaceOrientations_iPhone = "UIInterfaceOrientationPortrait UIInterfaceOrientationLandscapeLeft UIInterfaceOrientationLandscapeRight";
				LD_RUNPATH_SEARCH_PATHS = (
					"$(inherited)",
					"@executable_path/Frameworks",
				);
				MARKETING_VERSION = 1.0;
				PRODUCT_BUNDLE_IDENTIFIER = com.eyeray.Tipster;
				PRODUCT_NAME = "$(TARGET_NAME)";
				SWIFT_EMIT_LOC_STRINGS = YES;
				TARGETED_DEVICE_FAMILY = "1,2";
			};
			name = Release;
		};
		AFBB143E28595E9100AAE194 /* Debug */ = {
			isa = XCBuildConfiguration;
			buildSettings = {
				BUNDLE_LOADER = "$(TEST_HOST)";
				CODE_SIGN_STYLE = Automatic;
				CURRENT_PROJECT_VERSION = 1;
				DEVELOPMENT_TEAM = YL99LW4L8S;
				GENERATE_INFOPLIST_FILE = YES;
				IPHONEOS_DEPLOYMENT_TARGET = 15.5;
				MARKETING_VERSION = 1.0;
				PRODUCT_BUNDLE_IDENTIFIER = com.eyeray.TipsterTests;
				PRODUCT_NAME = "$(TARGET_NAME)";
				SWIFT_EMIT_LOC_STRINGS = NO;
				TARGETED_DEVICE_FAMILY = "1,2";
				TEST_HOST = "$(BUILT_PRODUCTS_DIR)/Tipster.app/Tipster";
			};
			name = Debug;
		};
		AFBB143F28595E9100AAE194 /* Release */ = {
			isa = XCBuildConfiguration;
			buildSettings = {
				BUNDLE_LOADER = "$(TEST_HOST)";
				CODE_SIGN_STYLE = Automatic;
				CURRENT_PROJECT_VERSION = 1;
				DEVELOPMENT_TEAM = YL99LW4L8S;
				GENERATE_INFOPLIST_FILE = YES;
				IPHONEOS_DEPLOYMENT_TARGET = 15.5;
				MARKETING_VERSION = 1.0;
				PRODUCT_BUNDLE_IDENTIFIER = com.eyeray.TipsterTests;
				PRODUCT_NAME = "$(TARGET_NAME)";
				SWIFT_EMIT_LOC_STRINGS = NO;
				TARGETED_DEVICE_FAMILY = "1,2";
				TEST_HOST = "$(BUILT_PRODUCTS_DIR)/Tipster.app/Tipster";
			};
			name = Release;
		};
		AFBB144128595E9100AAE194 /* Debug */ = {
			isa = XCBuildConfiguration;
			buildSettings = {
				CODE_SIGN_STYLE = Automatic;
				CURRENT_PROJECT_VERSION = 1;
				DEVELOPMENT_TEAM = YL99LW4L8S;
				GENERATE_INFOPLIST_FILE = YES;
				MARKETING_VERSION = 1.0;
				PRODUCT_BUNDLE_IDENTIFIER = com.eyeray.TipsterUITests;
				PRODUCT_NAME = "$(TARGET_NAME)";
				SWIFT_EMIT_LOC_STRINGS = NO;
				TARGETED_DEVICE_FAMILY = "1,2";
				TEST_TARGET_NAME = Tipster;
			};
			name = Debug;
		};
		AFBB144228595E9100AAE194 /* Release */ = {
			isa = XCBuildConfiguration;
			buildSettings = {
				CODE_SIGN_STYLE = Automatic;
				CURRENT_PROJECT_VERSION = 1;
				DEVELOPMENT_TEAM = YL99LW4L8S;
				GENERATE_INFOPLIST_FILE = YES;
				MARKETING_VERSION = 1.0;
				PRODUCT_BUNDLE_IDENTIFIER = com.eyeray.TipsterUITests;
				PRODUCT_NAME = "$(TARGET_NAME)";
				SWIFT_EMIT_LOC_STRINGS = NO;
				TARGETED_DEVICE_FAMILY = "1,2";
				TEST_TARGET_NAME = Tipster;
			};
			name = Release;
		};
/* End XCBuildConfiguration section */

/* Begin XCConfigurationList section */
		AFBB140628595E9000AAE194 /* Build configuration list for PBXProject "Tipster" */ = {
			isa = XCConfigurationList;
			buildConfigurations = (
				AFBB143828595E9100AAE194 /* Debug */,
				AFBB143928595E9100AAE194 /* Release */,
			);
			defaultConfigurationIsVisible = 0;
			defaultConfigurationName = Release;
		};
		AFBB143A28595E9100AAE194 /* Build configuration list for PBXNativeTarget "Tipster" */ = {
			isa = XCConfigurationList;
			buildConfigurations = (
				AFBB143B28595E9100AAE194 /* Debug */,
				AFBB143C28595E9100AAE194 /* Release */,
			);
			defaultConfigurationIsVisible = 0;
			defaultConfigurationName = Release;
		};
		AFBB143D28595E9100AAE194 /* Build configuration list for PBXNativeTarget "TipsterTests" */ = {
			isa = XCConfigurationList;
			buildConfigurations = (
				AFBB143E28595E9100AAE194 /* Debug */,
				AFBB143F28595E9100AAE194 /* Release */,
			);
			defaultConfigurationIsVisible = 0;
			defaultConfigurationName = Release;
		};
		AFBB144028595E9100AAE194 /* Build configuration list for PBXNativeTarget "TipsterUITests" */ = {
			isa = XCConfigurationList;
			buildConfigurations = (
				AFBB144128595E9100AAE194 /* Debug */,
				AFBB144228595E9100AAE194 /* Release */,
			);
			defaultConfigurationIsVisible = 0;
			defaultConfigurationName = Release;
		};
/* End XCConfigurationList section */
	};
	rootObject = AFBB140328595E9000AAE194 /* Project object */;
}
